// !$*UTF8*$!
{
	archiveVersion = 1;
	classes = {
	};
	objectVersion = 50;
	objects = {

/* Begin PBXBuildFile section */
		593375FA237F88F3004C7182 /* AppDelegate.swift in Sources */ = {isa = PBXBuildFile; fileRef = 593375F9237F88F3004C7182 /* AppDelegate.swift */; };
		593375FC237F88F3004C7182 /* SceneDelegate.swift in Sources */ = {isa = PBXBuildFile; fileRef = 593375FB237F88F3004C7182 /* SceneDelegate.swift */; };
		593375FE237F88F3004C7182 /* ViewController.swift in Sources */ = {isa = PBXBuildFile; fileRef = 593375FD237F88F3004C7182 /* ViewController.swift */; };
		59337601237F88F3004C7182 /* Main.storyboard in Resources */ = {isa = PBXBuildFile; fileRef = 593375FF237F88F3004C7182 /* Main.storyboard */; };
		59337604237F88F3004C7182 /* Firebase_Sample.xcdatamodeld in Sources */ = {isa = PBXBuildFile; fileRef = 59337602237F88F3004C7182 /* Firebase_Sample.xcdatamodeld */; };
		59337606237F88F3004C7182 /* Assets.xcassets in Resources */ = {isa = PBXBuildFile; fileRef = 59337605237F88F3004C7182 /* Assets.xcassets */; };
		59337609237F88F3004C7182 /* LaunchScreen.storyboard in Resources */ = {isa = PBXBuildFile; fileRef = 59337607237F88F3004C7182 /* LaunchScreen.storyboard */; };
		59337614237F88F4004C7182 /* Firebase_SampleTests.swift in Sources */ = {isa = PBXBuildFile; fileRef = 59337613237F88F4004C7182 /* Firebase_SampleTests.swift */; };
		A9B0FCE156C71085B924910A /* Pods_Firebase_Sample.framework in Frameworks */ = {isa = PBXBuildFile; fileRef = 9DF2F739570D9CBB1691F03F /* Pods_Firebase_Sample.framework */; };
		F68F7B5E73E11DBB13A211F6 /* Pods_Firebase_SampleTests.framework in Frameworks */ = {isa = PBXBuildFile; fileRef = FFB4B6CA55AFC7CF647FD65A /* Pods_Firebase_SampleTests.framework */; };
/* End PBXBuildFile section */

/* Begin PBXContainerItemProxy section */
		59337610237F88F4004C7182 /* PBXContainerItemProxy */ = {
			isa = PBXContainerItemProxy;
			containerPortal = 593375EE237F88F2004C7182 /* Project object */;
			proxyType = 1;
			remoteGlobalIDString = 593375F5237F88F2004C7182;
			remoteInfo = "Firebase-Sample";
		};
/* End PBXContainerItemProxy section */

/* Begin PBXFileReference section */
		4B0F9C25AD181FF52E075DC9 /* Pods-Firebase-Sample.release.xcconfig */ = {isa = PBXFileReference; includeInIndex = 1; lastKnownFileType = text.xcconfig; name = "Pods-Firebase-Sample.release.xcconfig"; path = "Pods/Target Support Files/Pods-Firebase-Sample/Pods-Firebase-Sample.release.xcconfig"; sourceTree = "<group>"; };
		593375F6237F88F3004C7182 /* Firebase-Sample.app */ = {isa = PBXFileReference; explicitFileType = wrapper.application; includeInIndex = 0; path = "Firebase-Sample.app"; sourceTree = BUILT_PRODUCTS_DIR; };
		593375F9237F88F3004C7182 /* AppDelegate.swift */ = {isa = PBXFileReference; lastKnownFileType = sourcecode.swift; path = AppDelegate.swift; sourceTree = "<group>"; };
		593375FB237F88F3004C7182 /* SceneDelegate.swift */ = {isa = PBXFileReference; lastKnownFileType = sourcecode.swift; path = SceneDelegate.swift; sourceTree = "<group>"; };
		593375FD237F88F3004C7182 /* ViewController.swift */ = {isa = PBXFileReference; lastKnownFileType = sourcecode.swift; path = ViewController.swift; sourceTree = "<group>"; };
		59337600237F88F3004C7182 /* Base */ = {isa = PBXFileReference; lastKnownFileType = file.storyboard; name = Base; path = Base.lproj/Main.storyboard; sourceTree = "<group>"; };
		59337603237F88F3004C7182 /* Firebase_Sample.xcdatamodel */ = {isa = PBXFileReference; lastKnownFileType = wrapper.xcdatamodel; path = Firebase_Sample.xcdatamodel; sourceTree = "<group>"; };
		59337605237F88F3004C7182 /* Assets.xcassets */ = {isa = PBXFileReference; lastKnownFileType = folder.assetcatalog; path = Assets.xcassets; sourceTree = "<group>"; };
		59337608237F88F3004C7182 /* Base */ = {isa = PBXFileReference; lastKnownFileType = file.storyboard; name = Base; path = Base.lproj/LaunchScreen.storyboard; sourceTree = "<group>"; };
		5933760A237F88F3004C7182 /* Info.plist */ = {isa = PBXFileReference; lastKnownFileType = text.plist.xml; path = Info.plist; sourceTree = "<group>"; };
		5933760F237F88F4004C7182 /* Firebase-SampleTests.xctest */ = {isa = PBXFileReference; explicitFileType = wrapper.cfbundle; includeInIndex = 0; path = "Firebase-SampleTests.xctest"; sourceTree = BUILT_PRODUCTS_DIR; };
		59337613237F88F4004C7182 /* Firebase_SampleTests.swift */ = {isa = PBXFileReference; lastKnownFileType = sourcecode.swift; path = Firebase_SampleTests.swift; sourceTree = "<group>"; };
		59337615237F88F4004C7182 /* Info.plist */ = {isa = PBXFileReference; lastKnownFileType = text.plist.xml; path = Info.plist; sourceTree = "<group>"; };
		5A7B20CE77E1C45DBFC6DED1 /* Pods-Firebase-SampleTests.release.xcconfig */ = {isa = PBXFileReference; includeInIndex = 1; lastKnownFileType = text.xcconfig; name = "Pods-Firebase-SampleTests.release.xcconfig"; path = "Pods/Target Support Files/Pods-Firebase-SampleTests/Pods-Firebase-SampleTests.release.xcconfig"; sourceTree = "<group>"; };
		9DF2F739570D9CBB1691F03F /* Pods_Firebase_Sample.framework */ = {isa = PBXFileReference; explicitFileType = wrapper.framework; includeInIndex = 0; path = Pods_Firebase_Sample.framework; sourceTree = BUILT_PRODUCTS_DIR; };
		E9FF5A5FF697648AEB93FCB7 /* Pods-Firebase-Sample.debug.xcconfig */ = {isa = PBXFileReference; includeInIndex = 1; lastKnownFileType = text.xcconfig; name = "Pods-Firebase-Sample.debug.xcconfig"; path = "Pods/Target Support Files/Pods-Firebase-Sample/Pods-Firebase-Sample.debug.xcconfig"; sourceTree = "<group>"; };
		EDA6D8B448D03D14F6EC436D /* Pods-Firebase-SampleTests.debug.xcconfig */ = {isa = PBXFileReference; includeInIndex = 1; lastKnownFileType = text.xcconfig; name = "Pods-Firebase-SampleTests.debug.xcconfig"; path = "Pods/Target Support Files/Pods-Firebase-SampleTests/Pods-Firebase-SampleTests.debug.xcconfig"; sourceTree = "<group>"; };
		FFB4B6CA55AFC7CF647FD65A /* Pods_Firebase_SampleTests.framework */ = {isa = PBXFileReference; explicitFileType = wrapper.framework; includeInIndex = 0; path = Pods_Firebase_SampleTests.framework; sourceTree = BUILT_PRODUCTS_DIR; };
/* End PBXFileReference section */

/* Begin PBXFrameworksBuildPhase section */
		593375F3237F88F2004C7182 /* Frameworks */ = {
			isa = PBXFrameworksBuildPhase;
			buildActionMask = 2147483647;
			files = (
				A9B0FCE156C71085B924910A /* Pods_Firebase_Sample.framework in Frameworks */,
			);
			runOnlyForDeploymentPostprocessing = 0;
		};
		5933760C237F88F4004C7182 /* Frameworks */ = {
			isa = PBXFrameworksBuildPhase;
			buildActionMask = 2147483647;
			files = (
				F68F7B5E73E11DBB13A211F6 /* Pods_Firebase_SampleTests.framework in Frameworks */,
			);
			runOnlyForDeploymentPostprocessing = 0;
		};
/* End PBXFrameworksBuildPhase section */

/* Begin PBXGroup section */
		4C7EB48B4C9C9FC984583849 /* Pods */ = {
			isa = PBXGroup;
			children = (
				E9FF5A5FF697648AEB93FCB7 /* Pods-Firebase-Sample.debug.xcconfig */,
				4B0F9C25AD181FF52E075DC9 /* Pods-Firebase-Sample.release.xcconfig */,
				EDA6D8B448D03D14F6EC436D /* Pods-Firebase-SampleTests.debug.xcconfig */,
				5A7B20CE77E1C45DBFC6DED1 /* Pods-Firebase-SampleTests.release.xcconfig */,
			);
			name = Pods;
			sourceTree = "<group>";
		};
		593375ED237F88F2004C7182 = {
			isa = PBXGroup;
			children = (
				593375F8237F88F3004C7182 /* Firebase-Sample */,
				59337612237F88F4004C7182 /* Firebase-SampleTests */,
				593375F7237F88F3004C7182 /* Products */,
				4C7EB48B4C9C9FC984583849 /* Pods */,
				AEF5701A6C49F4601376556E /* Frameworks */,
			);
			sourceTree = "<group>";
		};
		593375F7237F88F3004C7182 /* Products */ = {
			isa = PBXGroup;
			children = (
				593375F6237F88F3004C7182 /* Firebase-Sample.app */,
				5933760F237F88F4004C7182 /* Firebase-SampleTests.xctest */,
			);
			name = Products;
			sourceTree = "<group>";
		};
		593375F8237F88F3004C7182 /* Firebase-Sample */ = {
			isa = PBXGroup;
			children = (
				593375F9237F88F3004C7182 /* AppDelegate.swift */,
				593375FB237F88F3004C7182 /* SceneDelegate.swift */,
				593375FD237F88F3004C7182 /* ViewController.swift */,
				593375FF237F88F3004C7182 /* Main.storyboard */,
				59337605237F88F3004C7182 /* Assets.xcassets */,
				59337607237F88F3004C7182 /* LaunchScreen.storyboard */,
				5933760A237F88F3004C7182 /* Info.plist */,
				59337602237F88F3004C7182 /* Firebase_Sample.xcdatamodeld */,
			);
			path = "Firebase-Sample";
			sourceTree = "<group>";
		};
		59337612237F88F4004C7182 /* Firebase-SampleTests */ = {
			isa = PBXGroup;
			children = (
				59337613237F88F4004C7182 /* Firebase_SampleTests.swift */,
				59337615237F88F4004C7182 /* Info.plist */,
			);
			path = "Firebase-SampleTests";
			sourceTree = "<group>";
		};
		AEF5701A6C49F4601376556E /* Frameworks */ = {
			isa = PBXGroup;
			children = (
				9DF2F739570D9CBB1691F03F /* Pods_Firebase_Sample.framework */,
				FFB4B6CA55AFC7CF647FD65A /* Pods_Firebase_SampleTests.framework */,
			);
			name = Frameworks;
			sourceTree = "<group>";
		};
/* End PBXGroup section */

/* Begin PBXNativeTarget section */
		593375F5237F88F2004C7182 /* Firebase-Sample */ = {
			isa = PBXNativeTarget;
			buildConfigurationList = 59337618237F88F4004C7182 /* Build configuration list for PBXNativeTarget "Firebase-Sample" */;
			buildPhases = (
				93402BFE50E6435FAA2DE71A /* [CP] Check Pods Manifest.lock */,
				593375F2237F88F2004C7182 /* Sources */,
				593375F3237F88F2004C7182 /* Frameworks */,
				593375F4237F88F2004C7182 /* Resources */,
			);
			buildRules = (
			);
			dependencies = (
			);
			name = "Firebase-Sample";
			productName = "Firebase-Sample";
			productReference = 593375F6237F88F3004C7182 /* Firebase-Sample.app */;
			productType = "com.apple.product-type.application";
		};
		5933760E237F88F4004C7182 /* Firebase-SampleTests */ = {
			isa = PBXNativeTarget;
			buildConfigurationList = 5933761B237F88F4004C7182 /* Build configuration list for PBXNativeTarget "Firebase-SampleTests" */;
			buildPhases = (
				23E13993DE58DF3F69906048 /* [CP] Check Pods Manifest.lock */,
				5933760B237F88F4004C7182 /* Sources */,
				5933760C237F88F4004C7182 /* Frameworks */,
				5933760D237F88F4004C7182 /* Resources */,
			);
			buildRules = (
			);
			dependencies = (
				59337611237F88F4004C7182 /* PBXTargetDependency */,
			);
			name = "Firebase-SampleTests";
			productName = "Firebase-SampleTests";
			productReference = 5933760F237F88F4004C7182 /* Firebase-SampleTests.xctest */;
			productType = "com.apple.product-type.bundle.unit-test";
		};
/* End PBXNativeTarget section */

/* Begin PBXProject section */
		593375EE237F88F2004C7182 /* Project object */ = {
			isa = PBXProject;
			attributes = {
				LastSwiftUpdateCheck = 1120;
				LastUpgradeCheck = 1120;
				ORGANIZATIONNAME = vitor.neves;
				TargetAttributes = {
					593375F5237F88F2004C7182 = {
						CreatedOnToolsVersion = 11.2;
					};
					5933760E237F88F4004C7182 = {
						CreatedOnToolsVersion = 11.2;
						TestTargetID = 593375F5237F88F2004C7182;
					};
				};
			};
			buildConfigurationList = 593375F1237F88F2004C7182 /* Build configuration list for PBXProject "Firebase-Sample" */;
			compatibilityVersion = "Xcode 9.3";
			developmentRegion = en;
			hasScannedForEncodings = 0;
			knownRegions = (
				en,
				Base,
			);
			mainGroup = 593375ED237F88F2004C7182;
			productRefGroup = 593375F7237F88F3004C7182 /* Products */;
			projectDirPath = "";
			projectRoot = "";
			targets = (
				593375F5237F88F2004C7182 /* Firebase-Sample */,
				5933760E237F88F4004C7182 /* Firebase-SampleTests */,
			);
		};
/* End PBXProject section */

/* Begin PBXResourcesBuildPhase section */
		593375F4237F88F2004C7182 /* Resources */ = {
			isa = PBXResourcesBuildPhase;
			buildActionMask = 2147483647;
			files = (
				59337609237F88F3004C7182 /* LaunchScreen.storyboard in Resources */,
				59337606237F88F3004C7182 /* Assets.xcassets in Resources */,
				59337601237F88F3004C7182 /* Main.storyboard in Resources */,
			);
			runOnlyForDeploymentPostprocessing = 0;
		};
		5933760D237F88F4004C7182 /* Resources */ = {
			isa = PBXResourcesBuildPhase;
			buildActionMask = 2147483647;
			files = (
			);
			runOnlyForDeploymentPostprocessing = 0;
		};
/* End PBXResourcesBuildPhase section */

/* Begin PBXShellScriptBuildPhase section */
		23E13993DE58DF3F69906048 /* [CP] Check Pods Manifest.lock */ = {
			isa = PBXShellScriptBuildPhase;
			buildActionMask = 2147483647;
			files = (
			);
			inputFileListPaths = (
			);
			inputPaths = (
				"${PODS_PODFILE_DIR_PATH}/Podfile.lock",
				"${PODS_ROOT}/Manifest.lock",
			);
			name = "[CP] Check Pods Manifest.lock";
			outputFileListPaths = (
			);
			outputPaths = (
				"$(DERIVED_FILE_DIR)/Pods-Firebase-SampleTests-checkManifestLockResult.txt",
			);
			runOnlyForDeploymentPostprocessing = 0;
			shellPath = /bin/sh;
			shellScript = "diff \"${PODS_PODFILE_DIR_PATH}/Podfile.lock\" \"${PODS_ROOT}/Manifest.lock\" > /dev/null\nif [ $? != 0 ] ; then\n    # print error to STDERR\n    echo \"error: The sandbox is not in sync with the Podfile.lock. Run 'pod install' or update your CocoaPods installation.\" >&2\n    exit 1\nfi\n# This output is used by Xcode 'outputs' to avoid re-running this script phase.\necho \"SUCCESS\" > \"${SCRIPT_OUTPUT_FILE_0}\"\n";
			showEnvVarsInLog = 0;
		};
		93402BFE50E6435FAA2DE71A /* [CP] Check Pods Manifest.lock */ = {
			isa = PBXShellScriptBuildPhase;
			buildActionMask = 2147483647;
			files = (
			);
			inputFileListPaths = (
			);
			inputPaths = (
				"${PODS_PODFILE_DIR_PATH}/Podfile.lock",
				"${PODS_ROOT}/Manifest.lock",
			);
			name = "[CP] Check Pods Manifest.lock";
			outputFileListPaths = (
			);
			outputPaths = (
				"$(DERIVED_FILE_DIR)/Pods-Firebase-Sample-checkManifestLockResult.txt",
			);
			runOnlyForDeploymentPostprocessing = 0;
			shellPath = /bin/sh;
			shellScript = "diff \"${PODS_PODFILE_DIR_PATH}/Podfile.lock\" \"${PODS_ROOT}/Manifest.lock\" > /dev/null\nif [ $? != 0 ] ; then\n    # print error to STDERR\n    echo \"error: The sandbox is not in sync with the Podfile.lock. Run 'pod install' or update your CocoaPods installation.\" >&2\n    exit 1\nfi\n# This output is used by Xcode 'outputs' to avoid re-running this script phase.\necho \"SUCCESS\" > \"${SCRIPT_OUTPUT_FILE_0}\"\n";
			showEnvVarsInLog = 0;
		};
/* End PBXShellScriptBuildPhase section */

/* Begin PBXSourcesBuildPhase section */
		593375F2237F88F2004C7182 /* Sources */ = {
			isa = PBXSourcesBuildPhase;
			buildActionMask = 2147483647;
			files = (
				593375FE237F88F3004C7182 /* ViewController.swift in Sources */,
				593375FA237F88F3004C7182 /* AppDelegate.swift in Sources */,
				59337604237F88F3004C7182 /* Firebase_Sample.xcdatamodeld in Sources */,
				593375FC237F88F3004C7182 /* SceneDelegate.swift in Sources */,
			);
			runOnlyForDeploymentPostprocessing = 0;
		};
		5933760B237F88F4004C7182 /* Sources */ = {
			isa = PBXSourcesBuildPhase;
			buildActionMask = 2147483647;
			files = (
				59337614237F88F4004C7182 /* Firebase_SampleTests.swift in Sources */,
			);
			runOnlyForDeploymentPostprocessing = 0;
		};
/* End PBXSourcesBuildPhase section */

/* Begin PBXTargetDependency section */
		59337611237F88F4004C7182 /* PBXTargetDependency */ = {
			isa = PBXTargetDependency;
			target = 593375F5237F88F2004C7182 /* Firebase-Sample */;
			targetProxy = 59337610237F88F4004C7182 /* PBXContainerItemProxy */;
		};
/* End PBXTargetDependency section */

/* Begin PBXVariantGroup section */
		593375FF237F88F3004C7182 /* Main.storyboard */ = {
			isa = PBXVariantGroup;
			children = (
				59337600237F88F3004C7182 /* Base */,
			);
			name = Main.storyboard;
			sourceTree = "<group>";
		};
		59337607237F88F3004C7182 /* LaunchScreen.storyboard */ = {
			isa = PBXVariantGroup;
			children = (
				59337608237F88F3004C7182 /* Base */,
			);
			name = LaunchScreen.storyboard;
			sourceTree = "<group>";
		};
/* End PBXVariantGroup section */

/* Begin XCBuildConfiguration section */
		59337616237F88F4004C7182 /* Debug */ = {
			isa = XCBuildConfiguration;
			buildSettings = {
				ALWAYS_SEARCH_USER_PATHS = NO;
				CLANG_ANALYZER_NONNULL = YES;
				CLANG_ANALYZER_NUMBER_OBJECT_CONVERSION = YES_AGGRESSIVE;
				CLANG_CXX_LANGUAGE_STANDARD = "gnu++14";
				CLANG_CXX_LIBRARY = "libc++";
				CLANG_ENABLE_MODULES = YES;
				CLANG_ENABLE_OBJC_ARC = YES;
				CLANG_ENABLE_OBJC_WEAK = YES;
				CLANG_WARN_BLOCK_CAPTURE_AUTORELEASING = YES;
				CLANG_WARN_BOOL_CONVERSION = YES;
				CLANG_WARN_COMMA = YES;
				CLANG_WARN_CONSTANT_CONVERSION = YES;
				CLANG_WARN_DEPRECATED_OBJC_IMPLEMENTATIONS = YES;
				CLANG_WARN_DIRECT_OBJC_ISA_USAGE = YES_ERROR;
				CLANG_WARN_DOCUMENTATION_COMMENTS = YES;
				CLANG_WARN_EMPTY_BODY = YES;
				CLANG_WARN_ENUM_CONVERSION = YES;
				CLANG_WARN_INFINITE_RECURSION = YES;
				CLANG_WARN_INT_CONVERSION = YES;
				CLANG_WARN_NON_LITERAL_NULL_CONVERSION = YES;
				CLANG_WARN_OBJC_IMPLICIT_RETAIN_SELF = YES;
				CLANG_WARN_OBJC_LITERAL_CONVERSION = YES;
				CLANG_WARN_OBJC_ROOT_CLASS = YES_ERROR;
				CLANG_WARN_RANGE_LOOP_ANALYSIS = YES;
				CLANG_WARN_STRICT_PROTOTYPES = YES;
				CLANG_WARN_SUSPICIOUS_MOVE = YES;
				CLANG_WARN_UNGUARDED_AVAILABILITY = YES_AGGRESSIVE;
				CLANG_WARN_UNREACHABLE_CODE = YES;
				CLANG_WARN__DUPLICATE_METHOD_MATCH = YES;
				COPY_PHASE_STRIP = NO;
				DEBUG_INFORMATION_FORMAT = dwarf;
				ENABLE_STRICT_OBJC_MSGSEND = YES;
				ENABLE_TESTABILITY = YES;
				GCC_C_LANGUAGE_STANDARD = gnu11;
				GCC_DYNAMIC_NO_PIC = NO;
				GCC_NO_COMMON_BLOCKS = YES;
				GCC_OPTIMIZATION_LEVEL = 0;
				GCC_PREPROCESSOR_DEFINITIONS = (
					"DEBUG=1",
					"$(inherited)",
				);
				GCC_WARN_64_TO_32_BIT_CONVERSION = YES;
				GCC_WARN_ABOUT_RETURN_TYPE = YES_ERROR;
				GCC_WARN_UNDECLARED_SELECTOR = YES;
				GCC_WARN_UNINITIALIZED_AUTOS = YES_AGGRESSIVE;
				GCC_WARN_UNUSED_FUNCTION = YES;
				GCC_WARN_UNUSED_VARIABLE = YES;
				IPHONEOS_DEPLOYMENT_TARGET = 13.2;
				MTL_ENABLE_DEBUG_INFO = INCLUDE_SOURCE;
				MTL_FAST_MATH = YES;
				ONLY_ACTIVE_ARCH = YES;
				SDKROOT = iphoneos;
				SWIFT_ACTIVE_COMPILATION_CONDITIONS = DEBUG;
				SWIFT_OPTIMIZATION_LEVEL = "-Onone";
			};
			name = Debug;
		};
		59337617237F88F4004C7182 /* Release */ = {
			isa = XCBuildConfiguration;
			buildSettings = {
				ALWAYS_SEARCH_USER_PATHS = NO;
				CLANG_ANALYZER_NONNULL = YES;
				CLANG_ANALYZER_NUMBER_OBJECT_CONVERSION = YES_AGGRESSIVE;
				CLANG_CXX_LANGUAGE_STANDARD = "gnu++14";
				CLANG_CXX_LIBRARY = "libc++";
				CLANG_ENABLE_MODULES = YES;
				CLANG_ENABLE_OBJC_ARC = YES;
				CLANG_ENABLE_OBJC_WEAK = YES;
				CLANG_WARN_BLOCK_CAPTURE_AUTORELEASING = YES;
				CLANG_WARN_BOOL_CONVERSION = YES;
				CLANG_WARN_COMMA = YES;
				CLANG_WARN_CONSTANT_CONVERSION = YES;
				CLANG_WARN_DEPRECATED_OBJC_IMPLEMENTATIONS = YES;
				CLANG_WARN_DIRECT_OBJC_ISA_USAGE = YES_ERROR;
				CLANG_WARN_DOCUMENTATION_COMMENTS = YES;
				CLANG_WARN_EMPTY_BODY = YES;
				CLANG_WARN_ENUM_CONVERSION = YES;
				CLANG_WARN_INFINITE_RECURSION = YES;
				CLANG_WARN_INT_CONVERSION = YES;
				CLANG_WARN_NON_LITERAL_NULL_CONVERSION = YES;
				CLANG_WARN_OBJC_IMPLICIT_RETAIN_SELF = YES;
				CLANG_WARN_OBJC_LITERAL_CONVERSION = YES;
				CLANG_WARN_OBJC_ROOT_CLASS = YES_ERROR;
				CLANG_WARN_RANGE_LOOP_ANALYSIS = YES;
				CLANG_WARN_STRICT_PROTOTYPES = YES;
				CLANG_WARN_SUSPICIOUS_MOVE = YES;
				CLANG_WARN_UNGUARDED_AVAILABILITY = YES_AGGRESSIVE;
				CLANG_WARN_UNREACHABLE_CODE = YES;
				CLANG_WARN__DUPLICATE_METHOD_MATCH = YES;
				COPY_PHASE_STRIP = NO;
				DEBUG_INFORMATION_FORMAT = "dwarf-with-dsym";
				ENABLE_NS_ASSERTIONS = NO;
				ENABLE_STRICT_OBJC_MSGSEND = YES;
				GCC_C_LANGUAGE_STANDARD = gnu11;
				GCC_NO_COMMON_BLOCKS = YES;
				GCC_WARN_64_TO_32_BIT_CONVERSION = YES;
				GCC_WARN_ABOUT_RETURN_TYPE = YES_ERROR;
				GCC_WARN_UNDECLARED_SELECTOR = YES;
				GCC_WARN_UNINITIALIZED_AUTOS = YES_AGGRESSIVE;
				GCC_WARN_UNUSED_FUNCTION = YES;
				GCC_WARN_UNUSED_VARIABLE = YES;
				IPHONEOS_DEPLOYMENT_TARGET = 13.2;
				MTL_ENABLE_DEBUG_INFO = NO;
				MTL_FAST_MATH = YES;
				SDKROOT = iphoneos;
				SWIFT_COMPILATION_MODE = wholemodule;
				SWIFT_OPTIMIZATION_LEVEL = "-O";
				VALIDATE_PRODUCT = YES;
			};
			name = Release;
		};
		59337619237F88F4004C7182 /* Debug */ = {
			isa = XCBuildConfiguration;
			baseConfigurationReference = E9FF5A5FF697648AEB93FCB7 /* Pods-Firebase-Sample.debug.xcconfig */;
			buildSettings = {
				ASSETCATALOG_COMPILER_APPICON_NAME = AppIcon;
				CODE_SIGN_STYLE = Automatic;
				INFOPLIST_FILE = "Firebase-Sample/Info.plist";
				LD_RUNPATH_SEARCH_PATHS = (
					"$(inherited)",
					"@executable_path/Frameworks",
				);
				PRODUCT_BUNDLE_IDENTIFIER = "com.vitor.Firebase-Sample";
				PRODUCT_NAME = "$(TARGET_NAME)";
				SWIFT_VERSION = 5.0;
				TARGETED_DEVICE_FAMILY = "1,2";
			};
			name = Debug;
		};
		5933761A237F88F4004C7182 /* Release */ = {
			isa = XCBuildConfiguration;
			baseConfigurationReference = 4B0F9C25AD181FF52E075DC9 /* Pods-Firebase-Sample.release.xcconfig */;
			buildSettings = {
				ASSETCATALOG_COMPILER_APPICON_NAME = AppIcon;
				CODE_SIGN_STYLE = Automatic;
				INFOPLIST_FILE = "Firebase-Sample/Info.plist";
				LD_RUNPATH_SEARCH_PATHS = (
					"$(inherited)",
					"@executable_path/Frameworks",
				);
				PRODUCT_BUNDLE_IDENTIFIER = "com.vitor.Firebase-Sample";
				PRODUCT_NAME = "$(TARGET_NAME)";
				SWIFT_VERSION = 5.0;
				TARGETED_DEVICE_FAMILY = "1,2";
			};
			name = Release;
		};
		5933761C237F88F4004C7182 /* Debug */ = {
			isa = XCBuildConfiguration;
			baseConfigurationReference = EDA6D8B448D03D14F6EC436D /* Pods-Firebase-SampleTests.debug.xcconfig */;
			buildSettings = {
				ALWAYS_EMBED_SWIFT_STANDARD_LIBRARIES = YES;
				BUNDLE_LOADER = "$(TEST_HOST)";
				CODE_SIGN_STYLE = Automatic;
				INFOPLIST_FILE = "Firebase-SampleTests/Info.plist";
				IPHONEOS_DEPLOYMENT_TARGET = 13.2;
				LD_RUNPATH_SEARCH_PATHS = (
					"$(inherited)",
					"@executable_path/Frameworks",
					"@loader_path/Frameworks",
				);
				PRODUCT_BUNDLE_IDENTIFIER = "com.vitor.Firebase-SampleTests";
				PRODUCT_NAME = "$(TARGET_NAME)";
				SWIFT_VERSION = 5.0;
				TARGETED_DEVICE_FAMILY = "1,2";
				TEST_HOST = "$(BUILT_PRODUCTS_DIR)/Firebase-Sample.app/Firebase-Sample";
			};
			name = Debug;
		};
		5933761D237F88F4004C7182 /* Release */ = {
			isa = XCBuildConfiguration;
			baseConfigurationReference = 5A7B20CE77E1C45DBFC6DED1 /* Pods-Firebase-SampleTests.release.xcconfig */;
			buildSettings = {
				ALWAYS_EMBED_SWIFT_STANDARD_LIBRARIES = YES;
				BUNDLE_LOADER = "$(TEST_HOST)";
				CODE_SIGN_STYLE = Automatic;
				INFOPLIST_FILE = "Firebase-SampleTests/Info.plist";
				IPHONEOS_DEPLOYMENT_TARGET = 13.2;
				LD_RUNPATH_SEARCH_PATHS = (
					"$(inherited)",
					"@executable_path/Frameworks",
					"@loader_path/Frameworks",
				);
				PRODUCT_BUNDLE_IDENTIFIER = "com.vitor.Firebase-SampleTests";
				PRODUCT_NAME = "$(TARGET_NAME)";
				SWIFT_VERSION = 5.0;
				TARGETED_DEVICE_FAMILY = "1,2";
				TEST_HOST = "$(BUILT_PRODUCTS_DIR)/Firebase-Sample.app/Firebase-Sample";
			};
			name = Release;
		};
/* End XCBuildConfiguration section */

/* Begin XCConfigurationList section */
		593375F1237F88F2004C7182 /* Build configuration list for PBXProject "Firebase-Sample" */ = {
			isa = XCConfigurationList;
			buildConfigurations = (
				59337616237F88F4004C7182 /* Debug */,
				59337617237F88F4004C7182 /* Release */,
			);
			defaultConfigurationIsVisible = 0;
			defaultConfigurationName = Release;
		};
		59337618237F88F4004C7182 /* Build configuration list for PBXNativeTarget "Firebase-Sample" */ = {
			isa = XCConfigurationList;
			buildConfigurations = (
				59337619237F88F4004C7182 /* Debug */,
				5933761A237F88F4004C7182 /* Release */,
			);
			defaultConfigurationIsVisible = 0;
			defaultConfigurationName = Release;
		};
		5933761B237F88F4004C7182 /* Build configuration list for PBXNativeTarget "Firebase-SampleTests" */ = {
			isa = XCConfigurationList;
			buildConfigurations = (
				5933761C237F88F4004C7182 /* Debug */,
				5933761D237F88F4004C7182 /* Release */,
			);
			defaultConfigurationIsVisible = 0;
			defaultConfigurationName = Release;
		};
/* End XCConfigurationList section */

/* Begin XCVersionGroup section */
		59337602237F88F3004C7182 /* Firebase_Sample.xcdatamodeld */ = {
			isa = XCVersionGroup;
			children = (
				59337603237F88F3004C7182 /* Firebase_Sample.xcdatamodel */,
			);
			currentVersion = 59337603237F88F3004C7182 /* Firebase_Sample.xcdatamodel */;
			path = Firebase_Sample.xcdatamodeld;
			sourceTree = "<group>";
			versionGroupType = wrapper.xcdatamodel;
		};
/* End XCVersionGroup section */
	};
	rootObject = 593375EE237F88F2004C7182 /* Project object */;
}
